// !$*UTF8*$!
{
	archiveVersion = 1;
	classes = {
	};
	objectVersion = 46;
	objects = {

/* Begin PBXBuildFile section */
		193B912E1BB5E6B1008CCAA9 /* AppDelegate.swift in Sources */ = {isa = PBXBuildFile; fileRef = 193B912D1BB5E6B1008CCAA9 /* AppDelegate.swift */; };
		193B91301BB5E6B1008CCAA9 /* ViewController.swift in Sources */ = {isa = PBXBuildFile; fileRef = 193B912F1BB5E6B1008CCAA9 /* ViewController.swift */; };
		193B91331BB5E6B1008CCAA9 /* Main.storyboard in Resources */ = {isa = PBXBuildFile; fileRef = 193B91311BB5E6B1008CCAA9 /* Main.storyboard */; };
		193B91351BB5E6B1008CCAA9 /* Images.xcassets in Resources */ = {isa = PBXBuildFile; fileRef = 193B91341BB5E6B1008CCAA9 /* Images.xcassets */; };
		193B91381BB5E6B1008CCAA9 /* LaunchScreen.xib in Resources */ = {isa = PBXBuildFile; fileRef = 193B91361BB5E6B1008CCAA9 /* LaunchScreen.xib */; };
		193B91441BB5E6B1008CCAA9 /* PitchPerfectTests.swift in Sources */ = {isa = PBXBuildFile; fileRef = 193B91431BB5E6B1008CCAA9 /* PitchPerfectTests.swift */; };
/* End PBXBuildFile section */

/* Begin PBXContainerItemProxy section */
		193B913E1BB5E6B1008CCAA9 /* PBXContainerItemProxy */ = {
			isa = PBXContainerItemProxy;
			containerPortal = 193B91201BB5E6B1008CCAA9 /* Project object */;
			proxyType = 1;
			remoteGlobalIDString = 193B91271BB5E6B1008CCAA9;
			remoteInfo = PitchPerfect;
		};
/* End PBXContainerItemProxy section */

/* Begin PBXFileReference section */
		193B91281BB5E6B1008CCAA9 /* PitchPerfect.app */ = {isa = PBXFileReference; explicitFileType = wrapper.application; includeInIndex = 0; path = PitchPerfect.app; sourceTree = BUILT_PRODUCTS_DIR; };
		193B912C1BB5E6B1008CCAA9 /* Info.plist */ = {isa = PBXFileReference; lastKnownFileType = text.plist.xml; path = Info.plist; sourceTree = "<group>"; };
		193B912D1BB5E6B1008CCAA9 /* AppDelegate.swift */ = {isa = PBXFileReference; lastKnownFileType = sourcecode.swift; path = AppDelegate.swift; sourceTree = "<group>"; };
		193B912F1BB5E6B1008CCAA9 /* ViewController.swift */ = {isa = PBXFileReference; lastKnownFileType = sourcecode.swift; path = ViewController.swift; sourceTree = "<group>"; };
		193B91321BB5E6B1008CCAA9 /* Base */ = {isa = PBXFileReference; lastKnownFileType = file.storyboard; name = Base; path = Base.lproj/Main.storyboard; sourceTree = "<group>"; };
		193B91341BB5E6B1008CCAA9 /* Images.xcassets */ = {isa = PBXFileReference; lastKnownFileType = folder.assetcatalog; path = Images.xcassets; sourceTree = "<group>"; };
		193B91371BB5E6B1008CCAA9 /* Base */ = {isa = PBXFileReference; lastKnownFileType = file.xib; name = Base; path = Base.lproj/LaunchScreen.xib; sourceTree = "<group>"; };
		193B913D1BB5E6B1008CCAA9 /* PitchPerfectTests.xctest */ = {isa = PBXFileReference; explicitFileType = wrapper.cfbundle; includeInIndex = 0; path = PitchPerfectTests.xctest; sourceTree = BUILT_PRODUCTS_DIR; };
		193B91421BB5E6B1008CCAA9 /* Info.plist */ = {isa = PBXFileReference; lastKnownFileType = text.plist.xml; path = Info.plist; sourceTree = "<group>"; };
		193B91431BB5E6B1008CCAA9 /* PitchPerfectTests.swift */ = {isa = PBXFileReference; lastKnownFileType = sourcecode.swift; path = PitchPerfectTests.swift; sourceTree = "<group>"; };
/* End PBXFileReference section */

/* Begin PBXFrameworksBuildPhase section */
		193B91251BB5E6B1008CCAA9 /* Frameworks */ = {
			isa = PBXFrameworksBuildPhase;
			buildActionMask = 2147483647;
			files = (
			);
			runOnlyForDeploymentPostprocessing = 0;
		};
		193B913A1BB5E6B1008CCAA9 /* Frameworks */ = {
			isa = PBXFrameworksBuildPhase;
			buildActionMask = 2147483647;
			files = (
			);
			runOnlyForDeploymentPostprocessing = 0;
		};
/* End PBXFrameworksBuildPhase section */

/* Begin PBXGroup section */
		193B911F1BB5E6B1008CCAA9 = {
			isa = PBXGroup;
			children = (
				193B912A1BB5E6B1008CCAA9 /* PitchPerfect */,
				193B91401BB5E6B1008CCAA9 /* PitchPerfectTests */,
				193B91291BB5E6B1008CCAA9 /* Products */,
			);
			sourceTree = "<group>";
		};
		193B91291BB5E6B1008CCAA9 /* Products */ = {
			isa = PBXGroup;
			children = (
				193B91281BB5E6B1008CCAA9 /* PitchPerfect.app */,
				193B913D1BB5E6B1008CCAA9 /* PitchPerfectTests.xctest */,
			);
			name = Products;
			sourceTree = "<group>";
		};
		193B912A1BB5E6B1008CCAA9 /* PitchPerfect */ = {
			isa = PBXGroup;
			children = (
				193B912D1BB5E6B1008CCAA9 /* AppDelegate.swift */,
				193B912F1BB5E6B1008CCAA9 /* ViewController.swift */,
				193B91311BB5E6B1008CCAA9 /* Main.storyboard */,
				193B91341BB5E6B1008CCAA9 /* Images.xcassets */,
				193B91361BB5E6B1008CCAA9 /* LaunchScreen.xib */,
				193B912B1BB5E6B1008CCAA9 /* Supporting Files */,
			);
			path = PitchPerfect;
			sourceTree = "<group>";
		};
		193B912B1BB5E6B1008CCAA9 /* Supporting Files */ = {
			isa = PBXGroup;
			children = (
				193B912C1BB5E6B1008CCAA9 /* Info.plist */,
			);
			name = "Supporting Files";
			sourceTree = "<group>";
		};
		193B91401BB5E6B1008CCAA9 /* PitchPerfectTests */ = {
			isa = PBXGroup;
			children = (
				193B91431BB5E6B1008CCAA9 /* PitchPerfectTests.swift */,
				193B91411BB5E6B1008CCAA9 /* Supporting Files */,
			);
			path = PitchPerfectTests;
			sourceTree = "<group>";
		};
		193B91411BB5E6B1008CCAA9 /* Supporting Files */ = {
			isa = PBXGroup;
			children = (
				193B91421BB5E6B1008CCAA9 /* Info.plist */,
			);
			name = "Supporting Files";
			sourceTree = "<group>";
		};
/* End PBXGroup section */

/* Begin PBXNativeTarget section */
		193B91271BB5E6B1008CCAA9 /* PitchPerfect */ = {
			isa = PBXNativeTarget;
			buildConfigurationList = 193B91471BB5E6B1008CCAA9 /* Build configuration list for PBXNativeTarget "PitchPerfect" */;
			buildPhases = (
				193B91241BB5E6B1008CCAA9 /* Sources */,
				193B91251BB5E6B1008CCAA9 /* Frameworks */,
				193B91261BB5E6B1008CCAA9 /* Resources */,
			);
			buildRules = (
			);
			dependencies = (
			);
			name = PitchPerfect;
			productName = PitchPerfect;
			productReference = 193B91281BB5E6B1008CCAA9 /* PitchPerfect.app */;
			productType = "com.apple.product-type.application";
		};
		193B913C1BB5E6B1008CCAA9 /* PitchPerfectTests */ = {
			isa = PBXNativeTarget;
			buildConfigurationList = 193B914A1BB5E6B2008CCAA9 /* Build configuration list for PBXNativeTarget "PitchPerfectTests" */;
			buildPhases = (
				193B91391BB5E6B1008CCAA9 /* Sources */,
				193B913A1BB5E6B1008CCAA9 /* Frameworks */,
				193B913B1BB5E6B1008CCAA9 /* Resources */,
			);
			buildRules = (
			);
			dependencies = (
				193B913F1BB5E6B1008CCAA9 /* PBXTargetDependency */,
			);
			name = PitchPerfectTests;
			productName = PitchPerfectTests;
			productReference = 193B913D1BB5E6B1008CCAA9 /* PitchPerfectTests.xctest */;
			productType = "com.apple.product-type.bundle.unit-test";
		};
/* End PBXNativeTarget section */

/* Begin PBXProject section */
		193B91201BB5E6B1008CCAA9 /* Project object */ = {
			isa = PBXProject;
			attributes = {
				LastUpgradeCheck = 0630;
				ORGANIZATIONNAME = "Julia Miller";
				TargetAttributes = {
					193B91271BB5E6B1008CCAA9 = {
						CreatedOnToolsVersion = 6.3.2;
					};
					193B913C1BB5E6B1008CCAA9 = {
						CreatedOnToolsVersion = 6.3.2;
						TestTargetID = 193B91271BB5E6B1008CCAA9;
					};
				};
			};
			buildConfigurationList = 193B91231BB5E6B1008CCAA9 /* Build configuration list for PBXProject "PitchPerfect" */;
			compatibilityVersion = "Xcode 3.2";
			developmentRegion = English;
			hasScannedForEncodings = 0;
			knownRegions = (
				en,
				Base,
			);
			mainGroup = 193B911F1BB5E6B1008CCAA9;
			productRefGroup = 193B91291BB5E6B1008CCAA9 /* Products */;
			projectDirPath = "";
			projectRoot = "";
			targets = (
				193B91271BB5E6B1008CCAA9 /* PitchPerfect */,
				193B913C1BB5E6B1008CCAA9 /* PitchPerfectTests */,
			);
		};
/* End PBXProject section */

/* Begin PBXResourcesBuildPhase section */
		193B91261BB5E6B1008CCAA9 /* Resources */ = {
			isa = PBXResourcesBuildPhase;
			buildActionMask = 2147483647;
			files = (
				193B91331BB5E6B1008CCAA9 /* Main.storyboard in Resources */,
				193B91381BB5E6B1008CCAA9 /* LaunchScreen.xib in Resources */,
				193B91351BB5E6B1008CCAA9 /* Images.xcassets in Resources */,
			);
			runOnlyForDeploymentPostprocessing = 0;
		};
		193B913B1BB5E6B1008CCAA9 /* Resources */ = {
			isa = PBXResourcesBuildPhase;
			buildActionMask = 2147483647;
			files = (
			);
			runOnlyForDeploymentPostprocessing = 0;
		};
/* End PBXResourcesBuildPhase section */

/* Begin PBXSourcesBuildPhase section */
		193B91241BB5E6B1008CCAA9 /* Sources */ = {
			isa = PBXSourcesBuildPhase;
			buildActionMask = 2147483647;
			files = (
				193B91301BB5E6B1008CCAA9 /* ViewController.swift in Sources */,
				193B912E1BB5E6B1008CCAA9 /* AppDelegate.swift in Sources */,
			);
			runOnlyForDeploymentPostprocessing = 0;
		};
		193B91391BB5E6B1008CCAA9 /* Sources */ = {
			isa = PBXSourcesBuildPhase;
			buildActionMask = 2147483647;
			files = (
				193B91441BB5E6B1008CCAA9 /* PitchPerfectTests.swift in Sources */,
			);
			runOnlyForDeploymentPostprocessing = 0;
		};
/* End PBXSourcesBuildPhase section */

/* Begin PBXTargetDependency section */
		193B913F1BB5E6B1008CCAA9 /* PBXTargetDependency */ = {
			isa = PBXTargetDependency;
			target = 193B91271BB5E6B1008CCAA9 /* PitchPerfect */;
			targetProxy = 193B913E1BB5E6B1008CCAA9 /* PBXContainerItemProxy */;
		};
/* End PBXTargetDependency section */

/* Begin PBXVariantGroup section */
		193B91311BB5E6B1008CCAA9 /* Main.storyboard */ = {
			isa = PBXVariantGroup;
			children = (
				193B91321BB5E6B1008CCAA9 /* Base */,
			);
			name = Main.storyboard;
			sourceTree = "<group>";
		};
		193B91361BB5E6B1008CCAA9 /* LaunchScreen.xib */ = {
			isa = PBXVariantGroup;
			children = (
				193B91371BB5E6B1008CCAA9 /* Base */,
			);
			name = LaunchScreen.xib;
			sourceTree = "<group>";
		};
/* End PBXVariantGroup section */

/* Begin XCBuildConfiguration section */
		193B91451BB5E6B1008CCAA9 /* Debug */ = {
			isa = XCBuildConfiguration;
			buildSettings = {
				ALWAYS_SEARCH_USER_PATHS = NO;
				CLANG_CXX_LANGUAGE_STANDARD = "gnu++0x";
				CLANG_CXX_LIBRARY = "libc++";
				CLANG_ENABLE_MODULES = YES;
				CLANG_ENABLE_OBJC_ARC = YES;
				CLANG_WARN_BOOL_CONVERSION = YES;
				CLANG_WARN_CONSTANT_CONVERSION = YES;
				CLANG_WARN_DIRECT_OBJC_ISA_USAGE = YES_ERROR;
				CLANG_WARN_EMPTY_BODY = YES;
				CLANG_WARN_ENUM_CONVERSION = YES;
				CLANG_WARN_INT_CONVERSION = YES;
				CLANG_WARN_OBJC_ROOT_CLASS = YES_ERROR;
				CLANG_WARN_UNREACHABLE_CODE = YES;
				CLANG_WARN__DUPLICATE_METHOD_MATCH = YES;
				"CODE_SIGN_IDENTITY[sdk=iphoneos*]" = "iPhone Developer";
				COPY_PHASE_STRIP = NO;
				DEBUG_INFORMATION_FORMAT = "dwarf-with-dsym";
				ENABLE_STRICT_OBJC_MSGSEND = YES;
				GCC_C_LANGUAGE_STANDARD = gnu99;
				GCC_DYNAMIC_NO_PIC = NO;
				GCC_NO_COMMON_BLOCKS = YES;
				GCC_OPTIMIZATION_LEVEL = 0;
				GCC_PREPROCESSOR_DEFINITIONS = (
					"DEBUG=1",
					"$(inherited)",
				);
				GCC_SYMBOLS_PRIVATE_EXTERN = NO;
				GCC_WARN_64_TO_32_BIT_CONVERSION = YES;
				GCC_WARN_ABOUT_RETURN_TYPE = YES_ERROR;
				GCC_WARN_UNDECLARED_SELECTOR = YES;
				GCC_WARN_UNINITIALIZED_AUTOS = YES_AGGRESSIVE;
				GCC_WARN_UNUSED_FUNCTION = YES;
				GCC_WARN_UNUSED_VARIABLE = YES;
				IPHONEOS_DEPLOYMENT_TARGET = 8.3;
				MTL_ENABLE_DEBUG_INFO = YES;
				ONLY_ACTIVE_ARCH = YES;
				SDKROOT = iphoneos;
				SWIFT_OPTIMIZATION_LEVEL = "-Onone";
			};
			name = Debug;
		};
		193B91461BB5E6B1008CCAA9 /* Release */ = {
			isa = XCBuildConfiguration;
			buildSettings = {
				ALWAYS_SEARCH_USER_PATHS = NO;
				CLANG_CXX_LANGUAGE_STANDARD = "gnu++0x";
				CLANG_CXX_LIBRARY = "libc++";
				CLANG_ENABLE_MODULES = YES;
				CLANG_ENABLE_OBJC_ARC = YES;
				CLANG_WARN_BOOL_CONVERSION = YES;
				CLANG_WARN_CONSTANT_CONVERSION = YES;
				CLANG_WARN_DIRECT_OBJC_ISA_USAGE = YES_ERROR;
				CLANG_WARN_EMPTY_BODY = YES;
				CLANG_WARN_ENUM_CONVERSION = YES;
				CLANG_WARN_INT_CONVERSION = YES;
				CLANG_WARN_OBJC_ROOT_CLASS = YES_ERROR;
				CLANG_WARN_UNREACHABLE_CODE = YES;
				CLANG_WARN__DUPLICATE_METHOD_MATCH = YES;
				"CODE_SIGN_IDENTITY[sdk=iphoneos*]" = "iPhone Developer";
				COPY_PHASE_STRIP = NO;
				DEBUG_INFORMATION_FORMAT = "dwarf-with-dsym";
				ENABLE_NS_ASSERTIONS = NO;
				ENABLE_STRICT_OBJC_MSGSEND = YES;
				GCC_C_LANGUAGE_STANDARD = gnu99;
				GCC_NO_COMMON_BLOCKS = YES;
				GCC_WARN_64_TO_32_BIT_CONVERSION = YES;
				GCC_WARN_ABOUT_RETURN_TYPE = YES_ERROR;
				GCC_WARN_UNDECLARED_SELECTOR = YES;
				GCC_WARN_UNINITIALIZED_AUTOS = YES_AGGRESSIVE;
				GCC_WARN_UNUSED_FUNCTION = YES;
				GCC_WARN_UNUSED_VARIABLE = YES;
				IPHONEOS_DEPLOYMENT_TARGET = 8.3;
				MTL_ENABLE_DEBUG_INFO = NO;
				SDKROOT = iphoneos;
				VALIDATE_PRODUCT = YES;
			};
			name = Release;
		};
		193B91481BB5E6B1008CCAA9 /* Debug */ = {
			isa = XCBuildConfiguration;
			buildSettings = {
				ASSETCATALOG_COMPILER_APPICON_NAME = AppIcon;
				INFOPLIST_FILE = PitchPerfect/Info.plist;
				LD_RUNPATH_SEARCH_PATHS = "$(inherited) @executable_path/Frameworks";
				PRODUCT_NAME = "$(TARGET_NAME)";
			};
			name = Debug;
		};
		193B91491BB5E6B1008CCAA9 /* Release */ = {
			isa = XCBuildConfiguration;
			buildSettings = {
				ASSETCATALOG_COMPILER_APPICON_NAME = AppIcon;
				INFOPLIST_FILE = PitchPerfect/Info.plist;
				LD_RUNPATH_SEARCH_PATHS = "$(inherited) @executable_path/Frameworks";
				PRODUCT_NAME = "$(TARGET_NAME)";
			};
			name = Release;
		};
		193B914B1BB5E6B2008CCAA9 /* Debug */ = {
			isa = XCBuildConfiguration;
			buildSettings = {
				BUNDLE_LOADER = "$(TEST_HOST)";
				FRAMEWORK_SEARCH_PATHS = (
					"$(SDKROOT)/Developer/Library/Frameworks",
					"$(inherited)",
				);
				GCC_PREPROCESSOR_DEFINITIONS = (
					"DEBUG=1",
					"$(inherited)",
				);
				INFOPLIST_FILE = PitchPerfectTests/Info.plist;
				LD_RUNPATH_SEARCH_PATHS = "$(inherited) @executable_path/Frameworks @loader_path/Frameworks";
				PRODUCT_NAME = "$(TARGET_NAME)";
				TEST_HOST = "$(BUILT_PRODUCTS_DIR)/PitchPerfect.app/PitchPerfect";
			};
			name = Debug;
		};
		193B914C1BB5E6B2008CCAA9 /* Release */ = {
			isa = XCBuildConfiguration;
			buildSettings = {
				BUNDLE_LOADER = "$(TEST_HOST)";
				FRAMEWORK_SEARCH_PATHS = (
					"$(SDKROOT)/Developer/Library/Frameworks",
					"$(inherited)",
				);
				INFOPLIST_FILE = PitchPerfectTests/Info.plist;
				LD_RUNPATH_SEARCH_PATHS = "$(inherited) @executable_path/Frameworks @loader_path/Frameworks";
				PRODUCT_NAME = "$(TARGET_NAME)";
				TEST_HOST = "$(BUILT_PRODUCTS_DIR)/PitchPerfect.app/PitchPerfect";
			};
			name = Release;
		};
/* End XCBuildConfiguration section */

/* Begin XCConfigurationList section */
		193B91231BB5E6B1008CCAA9 /* Build configuration list for PBXProject "PitchPerfect" */ = {
			isa = XCConfigurationList;
			buildConfigurations = (
				193B91451BB5E6B1008CCAA9 /* Debug */,
				193B91461BB5E6B1008CCAA9 /* Release */,
			);
			defaultConfigurationIsVisible = 0;
			defaultConfigurationName = Release;
		};
		193B91471BB5E6B1008CCAA9 /* Build configuration list for PBXNativeTarget "PitchPerfect" */ = {
			isa = XCConfigurationList;
			buildConfigurations = (
				193B91481BB5E6B1008CCAA9 /* Debug */,
				193B91491BB5E6B1008CCAA9 /* Release */,
			);
			defaultConfigurationIsVisible = 0;
		};
		193B914A1BB5E6B2008CCAA9 /* Build configuration list for PBXNativeTarget "PitchPerfectTests" */ = {
			isa = XCConfigurationList;
			buildConfigurations = (
				193B914B1BB5E6B2008CCAA9 /* Debug */,
				193B914C1BB5E6B2008CCAA9 /* Release */,
			);
			defaultConfigurationIsVisible = 0;
		};
/* End XCConfigurationList section */
	};
	rootObject = 193B91201BB5E6B1008CCAA9 /* Project object */;
}
